// !$*UTF8*$!
{
	archiveVersion = 1;
	classes = {
	};
	objectVersion = 56;
	objects = {

/* Begin PBXBuildFile section */
		3EB3298CC8D32588F8BA0A6B /* Pods_MultiThreadingAndLocalDB.framework in Frameworks */ = {isa = PBXBuildFile; fileRef = D03BBCED9A34BA8CDAEC2319 /* Pods_MultiThreadingAndLocalDB.framework */; };
		545A3E5A2C41B016003D1D8D /* DebouncingVC.swift in Sources */ = {isa = PBXBuildFile; fileRef = 545A3E592C41B016003D1D8D /* DebouncingVC.swift */; };
		549717402C3DB9C7007FBEAD /* AppDelegate.swift in Sources */ = {isa = PBXBuildFile; fileRef = 5497173F2C3DB9C7007FBEAD /* AppDelegate.swift */; };
		549717422C3DB9C7007FBEAD /* SceneDelegate.swift in Sources */ = {isa = PBXBuildFile; fileRef = 549717412C3DB9C7007FBEAD /* SceneDelegate.swift */; };
		549717442C3DB9C7007FBEAD /* HomeVC.swift in Sources */ = {isa = PBXBuildFile; fileRef = 549717432C3DB9C7007FBEAD /* HomeVC.swift */; };
		549717472C3DB9C7007FBEAD /* Main.storyboard in Resources */ = {isa = PBXBuildFile; fileRef = 549717452C3DB9C7007FBEAD /* Main.storyboard */; };
		549717492C3DB9C8007FBEAD /* Assets.xcassets in Resources */ = {isa = PBXBuildFile; fileRef = 549717482C3DB9C8007FBEAD /* Assets.xcassets */; };
		5497174C2C3DB9C8007FBEAD /* LaunchScreen.storyboard in Resources */ = {isa = PBXBuildFile; fileRef = 5497174A2C3DB9C8007FBEAD /* LaunchScreen.storyboard */; };
		54CFD2412C4277150035653D /* DebouncingSearchBar.swift in Sources */ = {isa = PBXBuildFile; fileRef = 54CFD2402C4277150035653D /* DebouncingSearchBar.swift */; };
		54CFD2442C427D0B0035653D /* DebouncingVCExtensions.swift in Sources */ = {isa = PBXBuildFile; fileRef = 54CFD2432C427D0B0035653D /* DebouncingVCExtensions.swift */; };
		54CFD2472C4285240035653D /* Utils.swift in Sources */ = {isa = PBXBuildFile; fileRef = 54CFD2462C4285240035653D /* Utils.swift */; };
		54CFD24A2C429D230035653D /* NetworkHelper.swift in Sources */ = {isa = PBXBuildFile; fileRef = 54CFD2492C429D230035653D /* NetworkHelper.swift */; };
		54CFD24D2C42A5680035653D /* DebouncingViewModel.swift in Sources */ = {isa = PBXBuildFile; fileRef = 54CFD24C2C42A5680035653D /* DebouncingViewModel.swift */; };
		54CFD24F2C42A6200035653D /* ResponseDelegate.swift in Sources */ = {isa = PBXBuildFile; fileRef = 54CFD24E2C42A6200035653D /* ResponseDelegate.swift */; };
/* End PBXBuildFile section */

/* Begin PBXFileReference section */
		1221D66A478A373EB33B57EB /* Pods-MultiThreadingAndLocalDB.release.xcconfig */ = {isa = PBXFileReference; includeInIndex = 1; lastKnownFileType = text.xcconfig; name = "Pods-MultiThreadingAndLocalDB.release.xcconfig"; path = "Target Support Files/Pods-MultiThreadingAndLocalDB/Pods-MultiThreadingAndLocalDB.release.xcconfig"; sourceTree = "<group>"; };
		545A3E592C41B016003D1D8D /* DebouncingVC.swift */ = {isa = PBXFileReference; lastKnownFileType = sourcecode.swift; path = DebouncingVC.swift; sourceTree = "<group>"; };
		5497173C2C3DB9C7007FBEAD /* MultiThreadingAndLocalDB.app */ = {isa = PBXFileReference; explicitFileType = wrapper.application; includeInIndex = 0; path = MultiThreadingAndLocalDB.app; sourceTree = BUILT_PRODUCTS_DIR; };
		5497173F2C3DB9C7007FBEAD /* AppDelegate.swift */ = {isa = PBXFileReference; lastKnownFileType = sourcecode.swift; path = AppDelegate.swift; sourceTree = "<group>"; };
		549717412C3DB9C7007FBEAD /* SceneDelegate.swift */ = {isa = PBXFileReference; lastKnownFileType = sourcecode.swift; path = SceneDelegate.swift; sourceTree = "<group>"; };
		549717432C3DB9C7007FBEAD /* HomeVC.swift */ = {isa = PBXFileReference; lastKnownFileType = sourcecode.swift; path = HomeVC.swift; sourceTree = "<group>"; };
		549717462C3DB9C7007FBEAD /* Base */ = {isa = PBXFileReference; lastKnownFileType = file.storyboard; name = Base; path = Base.lproj/Main.storyboard; sourceTree = "<group>"; };
		549717482C3DB9C8007FBEAD /* Assets.xcassets */ = {isa = PBXFileReference; lastKnownFileType = folder.assetcatalog; path = Assets.xcassets; sourceTree = "<group>"; };
		5497174B2C3DB9C8007FBEAD /* Base */ = {isa = PBXFileReference; lastKnownFileType = file.storyboard; name = Base; path = Base.lproj/LaunchScreen.storyboard; sourceTree = "<group>"; };
		5497174D2C3DB9C8007FBEAD /* Info.plist */ = {isa = PBXFileReference; lastKnownFileType = text.plist.xml; path = Info.plist; sourceTree = "<group>"; };
		54CFD2402C4277150035653D /* DebouncingSearchBar.swift */ = {isa = PBXFileReference; lastKnownFileType = sourcecode.swift; path = DebouncingSearchBar.swift; sourceTree = "<group>"; };
		54CFD2432C427D0B0035653D /* DebouncingVCExtensions.swift */ = {isa = PBXFileReference; lastKnownFileType = sourcecode.swift; path = DebouncingVCExtensions.swift; sourceTree = "<group>"; };
		54CFD2462C4285240035653D /* Utils.swift */ = {isa = PBXFileReference; lastKnownFileType = sourcecode.swift; path = Utils.swift; sourceTree = "<group>"; };
		54CFD2492C429D230035653D /* NetworkHelper.swift */ = {isa = PBXFileReference; lastKnownFileType = sourcecode.swift; path = NetworkHelper.swift; sourceTree = "<group>"; };
		54CFD24C2C42A5680035653D /* DebouncingViewModel.swift */ = {isa = PBXFileReference; lastKnownFileType = sourcecode.swift; path = DebouncingViewModel.swift; sourceTree = "<group>"; };
		54CFD24E2C42A6200035653D /* ResponseDelegate.swift */ = {isa = PBXFileReference; lastKnownFileType = sourcecode.swift; path = ResponseDelegate.swift; sourceTree = "<group>"; };
		A65EA389F34E1ADB0FFCECCF /* Pods-MultiThreadingAndLocalDB.debug.xcconfig */ = {isa = PBXFileReference; includeInIndex = 1; lastKnownFileType = text.xcconfig; name = "Pods-MultiThreadingAndLocalDB.debug.xcconfig"; path = "Target Support Files/Pods-MultiThreadingAndLocalDB/Pods-MultiThreadingAndLocalDB.debug.xcconfig"; sourceTree = "<group>"; };
		D03BBCED9A34BA8CDAEC2319 /* Pods_MultiThreadingAndLocalDB.framework */ = {isa = PBXFileReference; explicitFileType = wrapper.framework; includeInIndex = 0; path = Pods_MultiThreadingAndLocalDB.framework; sourceTree = BUILT_PRODUCTS_DIR; };
/* End PBXFileReference section */

/* Begin PBXFrameworksBuildPhase section */
		549717392C3DB9C7007FBEAD /* Frameworks */ = {
			isa = PBXFrameworksBuildPhase;
			buildActionMask = 2147483647;
			files = (
				3EB3298CC8D32588F8BA0A6B /* Pods_MultiThreadingAndLocalDB.framework in Frameworks */,
			);
			runOnlyForDeploymentPostprocessing = 0;
		};
/* End PBXFrameworksBuildPhase section */

/* Begin PBXGroup section */
		545A3E5C2C41B7E7003D1D8D /* ApplicationDelegates */ = {
			isa = PBXGroup;
			children = (
				5497173F2C3DB9C7007FBEAD /* AppDelegate.swift */,
				549717412C3DB9C7007FBEAD /* SceneDelegate.swift */,
			);
			path = ApplicationDelegates;
			sourceTree = "<group>";
		};
		549717332C3DB9C7007FBEAD = {
			isa = PBXGroup;
			children = (
				5497173E2C3DB9C7007FBEAD /* MultiThreadingAndLocalDB */,
				5497173D2C3DB9C7007FBEAD /* Products */,
				A24E9D06AACE960F260DA36C /* Pods */,
				FFBE230742FD5CE30869BB66 /* Frameworks */,
			);
			sourceTree = "<group>";
		};
		5497173D2C3DB9C7007FBEAD /* Products */ = {
			isa = PBXGroup;
			children = (
				5497173C2C3DB9C7007FBEAD /* MultiThreadingAndLocalDB.app */,
			);
			name = Products;
			sourceTree = "<group>";
		};
		5497173E2C3DB9C7007FBEAD /* MultiThreadingAndLocalDB */ = {
			isa = PBXGroup;
			children = (
				5497174D2C3DB9C8007FBEAD /* Info.plist */,
				54CFD23B2C4275890035653D /* Assets */,
				54CFD2452C4285130035653D /* Common */,
				54CFD23A2C4275760035653D /* Storyboards */,
				54CFD2382C42754F0035653D /* UseCase */,
				545A3E5C2C41B7E7003D1D8D /* ApplicationDelegates */,
			);
			path = MultiThreadingAndLocalDB;
			sourceTree = "<group>";
		};
		54CFD2382C42754F0035653D /* UseCase */ = {
			isa = PBXGroup;
			children = (
				54CFD23E2C4276100035653D /* LocalDB */,
				54CFD23D2C4275BE0035653D /* HomeScreen */,
				54CFD2392C4275560035653D /* Debouncing */,
			);
			path = UseCase;
			sourceTree = "<group>";
		};
		54CFD2392C4275560035653D /* Debouncing */ = {
			isa = PBXGroup;
			children = (
				54CFD24B2C42A5560035653D /* ViewModels */,
				54CFD2482C429CD70035653D /* Network */,
				54CFD23F2C4276FB0035653D /* Views */,
				54CFD23C2C4275AA0035653D /* ViewControllers */,
				54CFD2422C427CFC0035653D /* VCExtensions */,
			);
			path = Debouncing;
			sourceTree = "<group>";
		};
		54CFD23A2C4275760035653D /* Storyboards */ = {
			isa = PBXGroup;
			children = (
				549717452C3DB9C7007FBEAD /* Main.storyboard */,
				5497174A2C3DB9C8007FBEAD /* LaunchScreen.storyboard */,
			);
			path = Storyboards;
			sourceTree = "<group>";
		};
		54CFD23B2C4275890035653D /* Assets */ = {
			isa = PBXGroup;
			children = (
				549717482C3DB9C8007FBEAD /* Assets.xcassets */,
			);
			path = Assets;
			sourceTree = "<group>";
		};
		54CFD23C2C4275AA0035653D /* ViewControllers */ = {
			isa = PBXGroup;
			children = (
				545A3E592C41B016003D1D8D /* DebouncingVC.swift */,
			);
			path = ViewControllers;
			sourceTree = "<group>";
		};
		54CFD23D2C4275BE0035653D /* HomeScreen */ = {
			isa = PBXGroup;
			children = (
				549717432C3DB9C7007FBEAD /* HomeVC.swift */,
			);
			path = HomeScreen;
			sourceTree = "<group>";
		};
		54CFD23E2C4276100035653D /* LocalDB */ = {
			isa = PBXGroup;
			children = (
			);
			path = LocalDB;
			sourceTree = "<group>";
		};
		54CFD23F2C4276FB0035653D /* Views */ = {
			isa = PBXGroup;
			children = (
				54CFD2402C4277150035653D /* DebouncingSearchBar.swift */,
			);
			path = Views;
			sourceTree = "<group>";
		};
		54CFD2422C427CFC0035653D /* VCExtensions */ = {
			isa = PBXGroup;
			children = (
				54CFD2432C427D0B0035653D /* DebouncingVCExtensions.swift */,
			);
			path = VCExtensions;
			sourceTree = "<group>";
		};
		54CFD2452C4285130035653D /* Common */ = {
			isa = PBXGroup;
			children = (
				54CFD2462C4285240035653D /* Utils.swift */,
				54CFD2492C429D230035653D /* NetworkHelper.swift */,
				54CFD24E2C42A6200035653D /* ResponseDelegate.swift */,
			);
			path = Common;
			sourceTree = "<group>";
		};
		54CFD2482C429CD70035653D /* Network */ = {
			isa = PBXGroup;
			children = (
			);
			path = Network;
			sourceTree = "<group>";
		};
		54CFD24B2C42A5560035653D /* ViewModels */ = {
			isa = PBXGroup;
			children = (
				54CFD24C2C42A5680035653D /* DebouncingViewModel.swift */,
			);
			path = ViewModels;
			sourceTree = "<group>";
		};
		A24E9D06AACE960F260DA36C /* Pods */ = {
			isa = PBXGroup;
			children = (
				A65EA389F34E1ADB0FFCECCF /* Pods-MultiThreadingAndLocalDB.debug.xcconfig */,
				1221D66A478A373EB33B57EB /* Pods-MultiThreadingAndLocalDB.release.xcconfig */,
			);
			path = Pods;
			sourceTree = "<group>";
		};
		FFBE230742FD5CE30869BB66 /* Frameworks */ = {
			isa = PBXGroup;
			children = (
				D03BBCED9A34BA8CDAEC2319 /* Pods_MultiThreadingAndLocalDB.framework */,
			);
			name = Frameworks;
			sourceTree = "<group>";
		};
/* End PBXGroup section */

/* Begin PBXNativeTarget section */
		5497173B2C3DB9C7007FBEAD /* MultiThreadingAndLocalDB */ = {
			isa = PBXNativeTarget;
			buildConfigurationList = 549717502C3DB9C8007FBEAD /* Build configuration list for PBXNativeTarget "MultiThreadingAndLocalDB" */;
			buildPhases = (
				FB9E02DCE0D6C27093D22133 /* [CP] Check Pods Manifest.lock */,
				549717382C3DB9C7007FBEAD /* Sources */,
				549717392C3DB9C7007FBEAD /* Frameworks */,
				5497173A2C3DB9C7007FBEAD /* Resources */,
				C269DC30B7E6C72AB96C9110 /* [CP] Embed Pods Frameworks */,
			);
			buildRules = (
			);
			dependencies = (
			);
			name = MultiThreadingAndLocalDB;
			productName = MultiThreadingAndLocalDB;
			productReference = 5497173C2C3DB9C7007FBEAD /* MultiThreadingAndLocalDB.app */;
			productType = "com.apple.product-type.application";
		};
/* End PBXNativeTarget section */

/* Begin PBXProject section */
		549717342C3DB9C7007FBEAD /* Project object */ = {
			isa = PBXProject;
			attributes = {
				BuildIndependentTargetsInParallel = 1;
				LastSwiftUpdateCheck = 1520;
				LastUpgradeCheck = 1520;
				TargetAttributes = {
					5497173B2C3DB9C7007FBEAD = {
						CreatedOnToolsVersion = 15.2;
					};
				};
			};
			buildConfigurationList = 549717372C3DB9C7007FBEAD /* Build configuration list for PBXProject "MultiThreadingAndLocalDB" */;
			compatibilityVersion = "Xcode 14.0";
			developmentRegion = en;
			hasScannedForEncodings = 0;
			knownRegions = (
				en,
				Base,
			);
			mainGroup = 549717332C3DB9C7007FBEAD;
			productRefGroup = 5497173D2C3DB9C7007FBEAD /* Products */;
			projectDirPath = "";
			projectRoot = "";
			targets = (
				5497173B2C3DB9C7007FBEAD /* MultiThreadingAndLocalDB */,
			);
		};
/* End PBXProject section */

/* Begin PBXResourcesBuildPhase section */
		5497173A2C3DB9C7007FBEAD /* Resources */ = {
			isa = PBXResourcesBuildPhase;
			buildActionMask = 2147483647;
			files = (
				5497174C2C3DB9C8007FBEAD /* LaunchScreen.storyboard in Resources */,
				549717492C3DB9C8007FBEAD /* Assets.xcassets in Resources */,
				549717472C3DB9C7007FBEAD /* Main.storyboard in Resources */,
			);
			runOnlyForDeploymentPostprocessing = 0;
		};
/* End PBXResourcesBuildPhase section */

/* Begin PBXShellScriptBuildPhase section */
		C269DC30B7E6C72AB96C9110 /* [CP] Embed Pods Frameworks */ = {
			isa = PBXShellScriptBuildPhase;
			buildActionMask = 2147483647;
			files = (
			);
			inputFileListPaths = (
				"${PODS_ROOT}/Target Support Files/Pods-MultiThreadingAndLocalDB/Pods-MultiThreadingAndLocalDB-frameworks-${CONFIGURATION}-input-files.xcfilelist",
			);
			name = "[CP] Embed Pods Frameworks";
			outputFileListPaths = (
				"${PODS_ROOT}/Target Support Files/Pods-MultiThreadingAndLocalDB/Pods-MultiThreadingAndLocalDB-frameworks-${CONFIGURATION}-output-files.xcfilelist",
			);
			runOnlyForDeploymentPostprocessing = 0;
			shellPath = /bin/sh;
			shellScript = "\"${PODS_ROOT}/Target Support Files/Pods-MultiThreadingAndLocalDB/Pods-MultiThreadingAndLocalDB-frameworks.sh\"\n";
			showEnvVarsInLog = 0;
		};
		FB9E02DCE0D6C27093D22133 /* [CP] Check Pods Manifest.lock */ = {
			isa = PBXShellScriptBuildPhase;
			buildActionMask = 2147483647;
			files = (
			);
			inputFileListPaths = (
			);
			inputPaths = (
				"${PODS_PODFILE_DIR_PATH}/Podfile.lock",
				"${PODS_ROOT}/Manifest.lock",
			);
			name = "[CP] Check Pods Manifest.lock";
			outputFileListPaths = (
			);
			outputPaths = (
				"$(DERIVED_FILE_DIR)/Pods-MultiThreadingAndLocalDB-checkManifestLockResult.txt",
			);
			runOnlyForDeploymentPostprocessing = 0;
			shellPath = /bin/sh;
			shellScript = "diff \"${PODS_PODFILE_DIR_PATH}/Podfile.lock\" \"${PODS_ROOT}/Manifest.lock\" > /dev/null\nif [ $? != 0 ] ; then\n    # print error to STDERR\n    echo \"error: The sandbox is not in sync with the Podfile.lock. Run 'pod install' or update your CocoaPods installation.\" >&2\n    exit 1\nfi\n# This output is used by Xcode 'outputs' to avoid re-running this script phase.\necho \"SUCCESS\" > \"${SCRIPT_OUTPUT_FILE_0}\"\n";
			showEnvVarsInLog = 0;
		};
/* End PBXShellScriptBuildPhase section */

/* Begin PBXSourcesBuildPhase section */
		549717382C3DB9C7007FBEAD /* Sources */ = {
			isa = PBXSourcesBuildPhase;
			buildActionMask = 2147483647;
			files = (
				54CFD24A2C429D230035653D /* NetworkHelper.swift in Sources */,
				54CFD24D2C42A5680035653D /* DebouncingViewModel.swift in Sources */,
				54CFD2442C427D0B0035653D /* DebouncingVCExtensions.swift in Sources */,
				54CFD2412C4277150035653D /* DebouncingSearchBar.swift in Sources */,
				545A3E5A2C41B016003D1D8D /* DebouncingVC.swift in Sources */,
				54CFD2472C4285240035653D /* Utils.swift in Sources */,
				549717442C3DB9C7007FBEAD /* HomeVC.swift in Sources */,
				549717402C3DB9C7007FBEAD /* AppDelegate.swift in Sources */,
				549717422C3DB9C7007FBEAD /* SceneDelegate.swift in Sources */,
				54CFD24F2C42A6200035653D /* ResponseDelegate.swift in Sources */,
			);
			runOnlyForDeploymentPostprocessing = 0;
		};
/* End PBXSourcesBuildPhase section */

/* Begin PBXVariantGroup section */
		549717452C3DB9C7007FBEAD /* Main.storyboard */ = {
			isa = PBXVariantGroup;
			children = (
				549717462C3DB9C7007FBEAD /* Base */,
			);
			name = Main.storyboard;
			sourceTree = "<group>";
		};
		5497174A2C3DB9C8007FBEAD /* LaunchScreen.storyboard */ = {
			isa = PBXVariantGroup;
			children = (
				5497174B2C3DB9C8007FBEAD /* Base */,
			);
			name = LaunchScreen.storyboard;
			sourceTree = "<group>";
		};
/* End PBXVariantGroup section */

/* Begin XCBuildConfiguration section */
		5497174E2C3DB9C8007FBEAD /* Debug */ = {
			isa = XCBuildConfiguration;
			buildSettings = {
				ALWAYS_SEARCH_USER_PATHS = NO;
				ASSETCATALOG_COMPILER_GENERATE_SWIFT_ASSET_SYMBOL_EXTENSIONS = YES;
				CLANG_ANALYZER_NONNULL = YES;
				CLANG_ANALYZER_NUMBER_OBJECT_CONVERSION = YES_AGGRESSIVE;
				CLANG_CXX_LANGUAGE_STANDARD = "gnu++20";
				CLANG_ENABLE_MODULES = YES;
				CLANG_ENABLE_OBJC_ARC = YES;
				CLANG_ENABLE_OBJC_WEAK = YES;
				CLANG_WARN_BLOCK_CAPTURE_AUTORELEASING = YES;
				CLANG_WARN_BOOL_CONVERSION = YES;
				CLANG_WARN_COMMA = YES;
				CLANG_WARN_CONSTANT_CONVERSION = YES;
				CLANG_WARN_DEPRECATED_OBJC_IMPLEMENTATIONS = YES;
				CLANG_WARN_DIRECT_OBJC_ISA_USAGE = YES_ERROR;
				CLANG_WARN_DOCUMENTATION_COMMENTS = YES;
				CLANG_WARN_EMPTY_BODY = YES;
				CLANG_WARN_ENUM_CONVERSION = YES;
				CLANG_WARN_INFINITE_RECURSION = YES;
				CLANG_WARN_INT_CONVERSION = YES;
				CLANG_WARN_NON_LITERAL_NULL_CONVERSION = YES;
				CLANG_WARN_OBJC_IMPLICIT_RETAIN_SELF = YES;
				CLANG_WARN_OBJC_LITERAL_CONVERSION = YES;
				CLANG_WARN_OBJC_ROOT_CLASS = YES_ERROR;
				CLANG_WARN_QUOTED_INCLUDE_IN_FRAMEWORK_HEADER = YES;
				CLANG_WARN_RANGE_LOOP_ANALYSIS = YES;
				CLANG_WARN_STRICT_PROTOTYPES = YES;
				CLANG_WARN_SUSPICIOUS_MOVE = YES;
				CLANG_WARN_UNGUARDED_AVAILABILITY = YES_AGGRESSIVE;
				CLANG_WARN_UNREACHABLE_CODE = YES;
				CLANG_WARN__DUPLICATE_METHOD_MATCH = YES;
				COPY_PHASE_STRIP = NO;
				DEBUG_INFORMATION_FORMAT = dwarf;
				ENABLE_STRICT_OBJC_MSGSEND = YES;
				ENABLE_TESTABILITY = YES;
				ENABLE_USER_SCRIPT_SANDBOXING = YES;
				GCC_C_LANGUAGE_STANDARD = gnu17;
				GCC_DYNAMIC_NO_PIC = NO;
				GCC_NO_COMMON_BLOCKS = YES;
				GCC_OPTIMIZATION_LEVEL = 0;
				GCC_PREPROCESSOR_DEFINITIONS = (
					"DEBUG=1",
					"$(inherited)",
				);
				GCC_WARN_64_TO_32_BIT_CONVERSION = YES;
				GCC_WARN_ABOUT_RETURN_TYPE = YES_ERROR;
				GCC_WARN_UNDECLARED_SELECTOR = YES;
				GCC_WARN_UNINITIALIZED_AUTOS = YES_AGGRESSIVE;
				GCC_WARN_UNUSED_FUNCTION = YES;
				GCC_WARN_UNUSED_VARIABLE = YES;
				IPHONEOS_DEPLOYMENT_TARGET = 17.2;
				LOCALIZATION_PREFERS_STRING_CATALOGS = YES;
				MTL_ENABLE_DEBUG_INFO = INCLUDE_SOURCE;
				MTL_FAST_MATH = YES;
				ONLY_ACTIVE_ARCH = YES;
				SDKROOT = iphoneos;
				SWIFT_ACTIVE_COMPILATION_CONDITIONS = "DEBUG $(inherited)";
				SWIFT_OPTIMIZATION_LEVEL = "-Onone";
			};
			name = Debug;
		};
		5497174F2C3DB9C8007FBEAD /* Release */ = {
			isa = XCBuildConfiguration;
			buildSettings = {
				ALWAYS_SEARCH_USER_PATHS = NO;
				ASSETCATALOG_COMPILER_GENERATE_SWIFT_ASSET_SYMBOL_EXTENSIONS = YES;
				CLANG_ANALYZER_NONNULL = YES;
				CLANG_ANALYZER_NUMBER_OBJECT_CONVERSION = YES_AGGRESSIVE;
				CLANG_CXX_LANGUAGE_STANDARD = "gnu++20";
				CLANG_ENABLE_MODULES = YES;
				CLANG_ENABLE_OBJC_ARC = YES;
				CLANG_ENABLE_OBJC_WEAK = YES;
				CLANG_WARN_BLOCK_CAPTURE_AUTORELEASING = YES;
				CLANG_WARN_BOOL_CONVERSION = YES;
				CLANG_WARN_COMMA = YES;
				CLANG_WARN_CONSTANT_CONVERSION = YES;
				CLANG_WARN_DEPRECATED_OBJC_IMPLEMENTATIONS = YES;
				CLANG_WARN_DIRECT_OBJC_ISA_USAGE = YES_ERROR;
				CLANG_WARN_DOCUMENTATION_COMMENTS = YES;
				CLANG_WARN_EMPTY_BODY = YES;
				CLANG_WARN_ENUM_CONVERSION = YES;
				CLANG_WARN_INFINITE_RECURSION = YES;
				CLANG_WARN_INT_CONVERSION = YES;
				CLANG_WARN_NON_LITERAL_NULL_CONVERSION = YES;
				CLANG_WARN_OBJC_IMPLICIT_RETAIN_SELF = YES;
				CLANG_WARN_OBJC_LITERAL_CONVERSION = YES;
				CLANG_WARN_OBJC_ROOT_CLASS = YES_ERROR;
				CLANG_WARN_QUOTED_INCLUDE_IN_FRAMEWORK_HEADER = YES;
				CLANG_WARN_RANGE_LOOP_ANALYSIS = YES;
				CLANG_WARN_STRICT_PROTOTYPES = YES;
				CLANG_WARN_SUSPICIOUS_MOVE = YES;
				CLANG_WARN_UNGUARDED_AVAILABILITY = YES_AGGRESSIVE;
				CLANG_WARN_UNREACHABLE_CODE = YES;
				CLANG_WARN__DUPLICATE_METHOD_MATCH = YES;
				COPY_PHASE_STRIP = NO;
				DEBUG_INFORMATION_FORMAT = "dwarf-with-dsym";
				ENABLE_NS_ASSERTIONS = NO;
				ENABLE_STRICT_OBJC_MSGSEND = YES;
				ENABLE_USER_SCRIPT_SANDBOXING = YES;
				GCC_C_LANGUAGE_STANDARD = gnu17;
				GCC_NO_COMMON_BLOCKS = YES;
				GCC_WARN_64_TO_32_BIT_CONVERSION = YES;
				GCC_WARN_ABOUT_RETURN_TYPE = YES_ERROR;
				GCC_WARN_UNDECLARED_SELECTOR = YES;
				GCC_WARN_UNINITIALIZED_AUTOS = YES_AGGRESSIVE;
				GCC_WARN_UNUSED_FUNCTION = YES;
				GCC_WARN_UNUSED_VARIABLE = YES;
				IPHONEOS_DEPLOYMENT_TARGET = 17.2;
				LOCALIZATION_PREFERS_STRING_CATALOGS = YES;
				MTL_ENABLE_DEBUG_INFO = NO;
				MTL_FAST_MATH = YES;
				SDKROOT = iphoneos;
				SWIFT_COMPILATION_MODE = wholemodule;
				VALIDATE_PRODUCT = YES;
			};
			name = Release;
		};
		549717512C3DB9C8007FBEAD /* Debug */ = {
			isa = XCBuildConfiguration;
			baseConfigurationReference = A65EA389F34E1ADB0FFCECCF /* Pods-MultiThreadingAndLocalDB.debug.xcconfig */;
			buildSettings = {
				ASSETCATALOG_COMPILER_APPICON_NAME = AppIcon;
				ASSETCATALOG_COMPILER_GLOBAL_ACCENT_COLOR_NAME = AccentColor;
				CODE_SIGN_STYLE = Automatic;
				CURRENT_PROJECT_VERSION = 1;
				DEVELOPMENT_TEAM = 8AB5C56V3C;
				ENABLE_USER_SCRIPT_SANDBOXING = NO;
				GENERATE_INFOPLIST_FILE = YES;
				INFOPLIST_FILE = MultiThreadingAndLocalDB/Info.plist;
				INFOPLIST_KEY_UIApplicationSupportsIndirectInputEvents = YES;
				INFOPLIST_KEY_UILaunchStoryboardName = LaunchScreen;
				INFOPLIST_KEY_UIMainStoryboardFile = Main;
				INFOPLIST_KEY_UISupportedInterfaceOrientations_iPad = "UIInterfaceOrientationPortrait UIInterfaceOrientationPortraitUpsideDown UIInterfaceOrientationLandscapeLeft UIInterfaceOrientationLandscapeRight";
				INFOPLIST_KEY_UISupportedInterfaceOrientations_iPhone = "UIInterfaceOrientationPortrait UIInterfaceOrientationLandscapeLeft UIInterfaceOrientationLandscapeRight";
				IPHONEOS_DEPLOYMENT_TARGET = 15.0;
				LD_RUNPATH_SEARCH_PATHS = (
					"$(inherited)",
					"@executable_path/Frameworks",
				);
				MARKETING_VERSION = 1.0;
				PRODUCT_BUNDLE_IDENTIFIER = com.sparshchadha.MultiThreadingAndLocalDB;
				PRODUCT_NAME = "$(TARGET_NAME)";
				SWIFT_EMIT_LOC_STRINGS = YES;
				SWIFT_VERSION = 5.0;
				TARGETED_DEVICE_FAMILY = "1,2";
			};
			name = Debug;
		};
		549717522C3DB9C8007FBEAD /* Release */ = {
			isa = XCBuildConfiguration;
			baseConfigurationReference = 1221D66A478A373EB33B57EB /* Pods-MultiThreadingAndLocalDB.release.xcconfig */;
			buildSettings = {
				ASSETCATALOG_COMPILER_APPICON_NAME = AppIcon;
				ASSETCATALOG_COMPILER_GLOBAL_ACCENT_COLOR_NAME = AccentColor;
				CODE_SIGN_STYLE = Automatic;
				CURRENT_PROJECT_VERSION = 1;
				DEVELOPMENT_TEAM = 8AB5C56V3C;
				ENABLE_USER_SCRIPT_SANDBOXING = NO;
				GENERATE_INFOPLIST_FILE = YES;
				INFOPLIST_FILE = MultiThreadingAndLocalDB/Info.plist;
				INFOPLIST_KEY_UIApplicationSupportsIndirectInputEvents = YES;
				INFOPLIST_KEY_UILaunchStoryboardName = LaunchScreen;
				INFOPLIST_KEY_UIMainStoryboardFile = Main;
				INFOPLIST_KEY_UISupportedInterfaceOrientations_iPad = "UIInterfaceOrientationPortrait UIInterfaceOrientationPortraitUpsideDown UIInterfaceOrientationLandscapeLeft UIInterfaceOrientationLandscapeRight";
				INFOPLIST_KEY_UISupportedInterfaceOrientations_iPhone = "UIInterfaceOrientationPortrait UIInterfaceOrientationLandscapeLeft UIInterfaceOrientationLandscapeRight";
				IPHONEOS_DEPLOYMENT_TARGET = 15.0;
				LD_RUNPATH_SEARCH_PATHS = (
					"$(inherited)",
					"@executable_path/Frameworks",
				);
				MARKETING_VERSION = 1.0;
				PRODUCT_BUNDLE_IDENTIFIER = com.sparshchadha.MultiThreadingAndLocalDB;
				PRODUCT_NAME = "$(TARGET_NAME)";
				SWIFT_EMIT_LOC_STRINGS = YES;
				SWIFT_VERSION = 5.0;
				TARGETED_DEVICE_FAMILY = "1,2";
			};
			name = Release;
		};
/* End XCBuildConfiguration section */

/* Begin XCConfigurationList section */
		549717372C3DB9C7007FBEAD /* Build configuration list for PBXProject "MultiThreadingAndLocalDB" */ = {
			isa = XCConfigurationList;
			buildConfigurations = (
				5497174E2C3DB9C8007FBEAD /* Debug */,
				5497174F2C3DB9C8007FBEAD /* Release */,
			);
			defaultConfigurationIsVisible = 0;
			defaultConfigurationName = Release;
		};
		549717502C3DB9C8007FBEAD /* Build configuration list for PBXNativeTarget "MultiThreadingAndLocalDB" */ = {
			isa = XCConfigurationList;
			buildConfigurations = (
				549717512C3DB9C8007FBEAD /* Debug */,
				549717522C3DB9C8007FBEAD /* Release */,
			);
			defaultConfigurationIsVisible = 0;
			defaultConfigurationName = Release;
		};
/* End XCConfigurationList section */
	};
	rootObject = 549717342C3DB9C7007FBEAD /* Project object */;
}
